
Microsoft Visual Studio Solution File, Format Version 12.00
# Visual Studio Version 17
VisualStudioVersion = 17.14.37203.1 d17.14
MinimumVisualStudioVersion = 10.0.40219.1
Project("{FAE04EC0-301F-11D3-BF4B-00C04F79EFBC}") = "Hệ thống quản lý tuyển dụng", "Hệ thống quản lý tuyển dụng.csproj", "{006D90B9-F6C4-4642-AE1A-A9D76F4A8403}"
EndProject
Global
	GlobalSection(SolutionConfigurationPlatforms) = preSolution
		Debug|Any CPU = Debug|Any CPU
		Release|Any CPU = Release|Any CPU
	EndGlobalSection
	GlobalSection(ProjectConfigurationPlatforms) = postSolution
		{006D90B9-F6C4-4642-AE1A-A9D76F4A8403}.Debug|Any CPU.ActiveCfg = Debug|Any CPU
		{006D90B9-F6C4-4642-AE1A-A9D76F4A8403}.Debug|Any CPU.Build.0 = Debug|Any CPU
		{006D90B9-F6C4-4642-AE1A-A9D76F4A8403}.Release|Any CPU.ActiveCfg = Release|Any CPU
		{006D90B9-F6C4-4642-AE1A-A9D76F4A8403}.Release|Any CPU.Build.0 = Release|Any CPU
	EndGlobalSection
	GlobalSection(SolutionProperties) = preSolution
		HideSolutionNode = FALSE
	EndGlobalSection
	GlobalSection(ExtensibilityGlobals) = postSolution
		SolutionGuid = {6C3B8F50-B21C-4E3E-92B6-F1A61AFAFBF2}
	EndGlobalSection
EndGlobal
